# THIS IS AN AUTOGENERATED FILE. DO NOT EDIT THIS FILE DIRECTLY.
# yarn lockfile v1


"@types/node@*", "@types/node@>=14":
  version "16.3.3"
  resolved "https://registry.yarnpkg.com/@types/node/-/node-16.3.3.tgz#0c30adff37bbbc7a50eb9b58fae2a504d0d88038"
  integrity sha512-8h7k1YgQKxKXWckzFCMfsIwn0Y61UK6tlD6y2lOb3hTOIMlK3t9/QwHOhc81TwU+RMf0As5fj7NPjroERCnejQ==

"@types/prompts@^2.0.11":
  version "2.0.14"
  resolved "https://registry.yarnpkg.com/@types/prompts/-/prompts-2.0.14.tgz#10cb8899844bb0771cabe57c1becaaaca9a3b521"
  integrity sha512-HZBd99fKxRWpYCErtm2/yxUZv6/PBI9J7N4TNFffl5JbrYMHBwF25DjQGTW3b3jmXq+9P6/8fCIb2ee57BFfYA==
  dependencies:
    "@types/node" "*"

doge-config@^0.3.5:
  version "0.3.5"
  resolved "https://registry.yarnpkg.com/doge-config/-/doge-config-0.3.5.tgz#9a0c07d17ae41c6e27d2c00d6d57e8767f7678da"
  integrity sha512-V1wVOVhN0WSEkREMR6ZqcKHcPK71D/Z6BeTxOijUWaLd2PX9o/vu0Vxo8Enl9eIjemetf/ppuG8U87iRGrFdkg==
  dependencies:
    doge-json "^1.1.0-3"

doge-json@*:
  version "1.0.4"
  resolved "https://registry.yarnpkg.com/doge-json/-/doge-json-1.0.4.tgz#2f4196ac7f9d79b582fb1e747c3d78bc5abcf794"
  integrity sha512-4E/33E0ylyCsGyM5LDEkBTxtq7sI5hV/hgMZl9naqtu8iV+Sow/t2j1CrUqdEWSieLxHtOJ7HfgbLPuDo37k7A==

doge-json@^1.1.0-3:
  version "1.1.0-3"
  resolved "https://registry.yarnpkg.com/doge-json/-/doge-json-1.1.0-3.tgz#4cdedf2daf6116bce73c26aed7e52c6041804c4f"
  integrity sha512-TO+n1rJOto2ildgC8KpaZ1OwrGTi+EL/F9dwnn7o4MMMuoGP20aP4p5jkO69C0SGGVVPgsk8+NxaClA5boGDYQ==

kleur@^3.0.3:
  version "3.0.3"
  resolved "https://registry.yarnpkg.com/kleur/-/kleur-3.0.3.tgz#a79c9ecc86ee1ce3fa6206d1216c501f147fc07e"
  integrity sha512-eTIzlVOSUR+JxdDFepEYcBMtZ9Qqdef+rnzWdRZuMbOywu5tO2w2N7rqjoANZ5k9vywhL6Br1VRjUIgTQx4E8w==

oplist@^0.0.0-3:
  version "0.0.0-3"
  resolved "https://registry.yarnpkg.com/oplist/-/oplist-0.0.0-3.tgz#3b01d31e4117e0a4eb230042d0c11b7b0052d99b"
  integrity sha512-XT5qZ/4Nxqu9qTBO7XABMz4uH+JauQhz1oyKn5olOdIhQK7OGrsSsU95dHVsnNWBgTSbMAoUMyXhzmne4Mf3tQ==
  dependencies:
    doge-json "*"

prompts@^2.4.1:
  version "2.4.1"
  resolved "https://registry.yarnpkg.com/prompts/-/prompts-2.4.1.tgz#befd3b1195ba052f9fd2fde8a486c4e82ee77f61"
  integrity sha512-EQyfIuO2hPDsX1L/blblV+H7I0knhgAd82cVneCwcdND9B8AuCDuRcBH6yIcG4dFzlOUqbazQqwGjx5xmsNLuQ==
  dependencies:
    kleur "^3.0.3"
    sisteransi "^1.0.5"

serial-async-io@^0.1.0-3:
  version "0.1.0-3"
  resolved "https://registry.yarnpkg.com/serial-async-io/-/serial-async-io-0.1.0-3.tgz#e2e7889b4905a17f2b59e4ed793eb924bc2844f2"
  integrity sha512-492aU4PmQt+0FMArmAYzEs47yZa85J9WnBpCkjxkGb6Vk2+o1ZyN7rnz17g4s4ygV+gYkQPCJ8cbAL5m8Z2hBg==

sisteransi@^1.0.5:
  version "1.0.5"
  resolved "https://registry.yarnpkg.com/sisteransi/-/sisteransi-1.0.5.tgz#134d681297756437cc05ca01370d3a7a571075ed"
  integrity sha512-bLGGlR1QxBcynn2d5YmDX4MGjlZvy2MRBDRNHLJ8VI6l6+9FUiyTFNJ0IveOSP0bcXgVDPRcfGqA0pjaqUpfVg==
