# THIS IS AN AUTOGENERATED FILE. DO NOT EDIT THIS FILE DIRECTLY.
# yarn lockfile v1


"@types/node@*":
  version "15.0.2"
  resolved "https://registry.yarnpkg.com/@types/node/-/node-15.0.2.tgz#51e9c0920d1b45936ea04341aa3e2e58d339fb67"
  integrity sha512-p68+a+KoxpoB47015IeYZYRrdqMUcpbK8re/zpFB8Ld46LHC1lPEbp3EXgkEhAYEcPvjJF6ZO+869SQ0aH1dcA==

"@types/node@>=14":
  version "15.0.1"
  resolved "https://registry.yarnpkg.com/@types/node/-/node-15.0.1.tgz#ef34dea0881028d11398be5bf4e856743e3dc35a"
  integrity sha512-TMkXt0Ck1y0KKsGr9gJtWGjttxlZnnvDtphxUOSd0bfaR6Q1jle+sPvrzNR1urqYTWMinoKvjKfXUGsumaO1PA==

"@types/prompts@^2.0.11":
  version "2.0.11"
  resolved "https://registry.yarnpkg.com/@types/prompts/-/prompts-2.0.11.tgz#0cef3d1c7e5144c74abd71691287613b7514b03a"
  integrity sha512-dcF5L3rU9VfpLEJIV++FEyhGhuIpJllNEwllVuJ5g8eoVqjf048tW9+spivIwjzgPbtaGAl7mIZW3cmhDAq2UQ==
  dependencies:
    "@types/node" "*"

doge-config@^0.3.0-3:
  version "0.3.0-3"
  resolved "https://registry.yarnpkg.com/doge-config/-/doge-config-0.3.0-3.tgz#1ddd0916bbe2d94e04865dd83a61118fd1360ade"
  integrity sha512-CxHA26bLknaf05IiMoYmO7xaH4aMN42whIdnAtsADsaBPGbgSHzFVL0RaZ+HF+eRPkGZzc+p3NcjjoylNAzJlw==
  dependencies:
    doge-json "^1.0.4"

doge-json@^1.0.4:
  version "1.0.4"
  resolved "https://registry.yarnpkg.com/doge-json/-/doge-json-1.0.4.tgz#2f4196ac7f9d79b582fb1e747c3d78bc5abcf794"
  integrity sha512-4E/33E0ylyCsGyM5LDEkBTxtq7sI5hV/hgMZl9naqtu8iV+Sow/t2j1CrUqdEWSieLxHtOJ7HfgbLPuDo37k7A==

kleur@^3.0.3:
  version "3.0.3"
  resolved "https://registry.yarnpkg.com/kleur/-/kleur-3.0.3.tgz#a79c9ecc86ee1ce3fa6206d1216c501f147fc07e"
  integrity sha512-eTIzlVOSUR+JxdDFepEYcBMtZ9Qqdef+rnzWdRZuMbOywu5tO2w2N7rqjoANZ5k9vywhL6Br1VRjUIgTQx4E8w==

prompts@^2.4.1:
  version "2.4.1"
  resolved "https://registry.yarnpkg.com/prompts/-/prompts-2.4.1.tgz#befd3b1195ba052f9fd2fde8a486c4e82ee77f61"
  integrity sha512-EQyfIuO2hPDsX1L/blblV+H7I0knhgAd82cVneCwcdND9B8AuCDuRcBH6yIcG4dFzlOUqbazQqwGjx5xmsNLuQ==
  dependencies:
    kleur "^3.0.3"
    sisteransi "^1.0.5"

sisteransi@^1.0.5:
  version "1.0.5"
  resolved "https://registry.yarnpkg.com/sisteransi/-/sisteransi-1.0.5.tgz#134d681297756437cc05ca01370d3a7a571075ed"
  integrity sha512-bLGGlR1QxBcynn2d5YmDX4MGjlZvy2MRBDRNHLJ8VI6l6+9FUiyTFNJ0IveOSP0bcXgVDPRcfGqA0pjaqUpfVg==
