# THIS IS AN AUTOGENERATED FILE. DO NOT EDIT THIS FILE DIRECTLY.
# yarn lockfile v1


"@types/node@*", "@types/node@>=14":
  version "14.18.3"
  resolved "https://registry.yarnpkg.com/@types/node/-/node-14.18.3.tgz#b3682cfd9d5542b025df13233d073cb4347f63f3"
  integrity sha512-GtTH2crF4MtOIrrAa+jgTV9JX/PfoUCYr6MiZw7O/dkZu5b6gm5dc1nAL0jwGo4ortSBBtGyeVaxdC8X6V+pLg==

"@types/prompts@^2.0.11":
  version "2.0.14"
  resolved "https://registry.yarnpkg.com/@types/prompts/-/prompts-2.0.14.tgz#10cb8899844bb0771cabe57c1becaaaca9a3b521"
  integrity sha512-HZBd99fKxRWpYCErtm2/yxUZv6/PBI9J7N4TNFffl5JbrYMHBwF25DjQGTW3b3jmXq+9P6/8fCIb2ee57BFfYA==
  dependencies:
    "@types/node" "*"

doge-config@^0.3.13:
  version "0.3.13"
  resolved "https://registry.yarnpkg.com/doge-config/-/doge-config-0.3.13.tgz#8f7638d0621389d41cd5ed32fcc3170241ffa0e3"
  integrity sha512-haeMqZvSvBkVreRDLYbjoxUAspDcmi9qBrcOkRCH0WyBOpW2IlXlKNXnCTlBuNeFVaBqe06tCQCPMMWrBl6BwQ==
  dependencies:
    doge-json "^1.2.1"

doge-json@^1.2.1:
  version "1.2.5"
  resolved "https://registry.yarnpkg.com/doge-json/-/doge-json-1.2.5.tgz#a9dba74887d6357f3c5de0f65e01d43425391aca"
  integrity sha512-cziUdUyFIuj6SXzMtxjUM/WUts4yc50WwSuOrw1zaXaWqT4CEF6I4eOV7MJRyhFIbA6Ii8KCUYhotGMgHaQlhg==

doge-json@^1.2.6:
  version "1.2.6"
  resolved "https://registry.yarnpkg.com/doge-json/-/doge-json-1.2.6.tgz#1a9265f990b05e178b578421a668901c5e1308af"
  integrity sha512-evsIUVVlV5aNdt/08dQQC8yFbyy0Pi8o3grMCss8e5YGlXJCuCjs9RQAj2WxYgb1+G9knsQmASn7ox3MQV7Sxw==

kleur@^3.0.3:
  version "3.0.3"
  resolved "https://registry.yarnpkg.com/kleur/-/kleur-3.0.3.tgz#a79c9ecc86ee1ce3fa6206d1216c501f147fc07e"
  integrity sha512-eTIzlVOSUR+JxdDFepEYcBMtZ9Qqdef+rnzWdRZuMbOywu5tO2w2N7rqjoANZ5k9vywhL6Br1VRjUIgTQx4E8w==

oplist@^0.0.0-7:
  version "0.0.0-7"
  resolved "https://registry.yarnpkg.com/oplist/-/oplist-0.0.0-7.tgz#71a9f7f51d405118e5361418a94a9b785a3e14d8"
  integrity sha512-iCrAeXFYCjrGNWPECkadtRIeclLWnh6hGpZtv7bs81bspwSARPROgK6vcQtp8X7NDnNo7c8mJUJwiAheI4JtjA==
  dependencies:
    doge-json "^1.2.6"

prompts@^2.4.1:
  version "2.4.2"
  resolved "https://registry.yarnpkg.com/prompts/-/prompts-2.4.2.tgz#7b57e73b3a48029ad10ebd44f74b01722a4cb069"
  integrity sha512-NxNv/kLguCA7p3jE8oL2aEBsrJWgAakBpgmgK6lpPWV+WuOmY6r2/zbAVnP+T8bQlA0nzHXSJSJW0Hq7ylaD2Q==
  dependencies:
    kleur "^3.0.3"
    sisteransi "^1.0.5"

serial-async-io@^0.3.2:
  version "0.3.2"
  resolved "https://registry.yarnpkg.com/serial-async-io/-/serial-async-io-0.3.2.tgz#0fbcfdbbdcd093caefd44f9cb0b68ea7d6167863"
  integrity sha512-Uk3xSDyiLTCAdPjzNWU5bHk6MqRj4cUi/MqD2lPSg9k/PfJpZzpA+yEgWEIWH3SiWtjUc1eDc4T/iNbBiZ0DNQ==

sisteransi@^1.0.5:
  version "1.0.5"
  resolved "https://registry.yarnpkg.com/sisteransi/-/sisteransi-1.0.5.tgz#134d681297756437cc05ca01370d3a7a571075ed"
  integrity sha512-bLGGlR1QxBcynn2d5YmDX4MGjlZvy2MRBDRNHLJ8VI6l6+9FUiyTFNJ0IveOSP0bcXgVDPRcfGqA0pjaqUpfVg==
